schema: '2.0'
stages:
  train_model:
    cmd: python src/train.py
    deps:
    - path: data/housing.csv
      hash: md5
      md5: f6cbb34203e4700c3518f6c067e8cc15
      size: 1915789
    - path: src/train.py
      hash: md5
      md5: e2643229cd91e5c349db739d600a2022
      size: 2929
    params:
      params.yaml:
        model.max_depth: 5
    outs:
    - path: models/best_model.pkl
      hash: md5
      md5: 5739d6f9f6ce1ac7b99624a01d31e279
      size: 6017
