schema: '2.0'
stages:
  train_model:
    cmd: python src/train.py
    deps:
    - path: data/housing.csv
      hash: md5
      md5: 2d21a33feaf229f6ab28808427cccd64
      size: 555
    - path: src/train.py
      hash: md5
      md5: e2643229cd91e5c349db739d600a2022
      size: 2929
    params:
      params.yaml:
        model.max_depth: 5
    outs:
    - path: models/best_model.pkl
      hash: md5
      md5: 5073486c70cf5aeb466bcf32b821988d
      size: 1985
  prepare_data:
    cmd: python -c "import shutil; import os; import pathlib; 
      data_dir=pathlib.Path('data'); data_dir.mkdir(exist_ok=True); 
      shutil.copy(str(pathlib.Path('tests/test_data/test_housing.csv')), 
      str(data_dir/'housing.csv'))"
    deps:
    - path: tests/test_data/test_housing.csv
      hash: md5
      md5: 2d21a33feaf229f6ab28808427cccd64
      size: 555
    outs:
    - path: data/housing.csv
      hash: md5
      md5: 2d21a33feaf229f6ab28808427cccd64
      size: 555
